
Microsoft Visual Studio Solution File, Format Version 12.00
# Visual Studio Version 17
VisualStudioVersion = 17.7.34031.279
MinimumVisualStudioVersion = 10.0.40219.1
Project("{FAE04EC0-301F-11D3-BF4B-00C04F79EFBC}") = "PVA_Game", "PVA_Game.csproj", "{15BCF27F-2C7D-4910-BC4A-D69618A39449}"
EndProject
Global
	GlobalSection(SolutionConfigurationPlatforms) = preSolution
		Debug|Any CPU = Debug|Any CPU
		Release|Any CPU = Release|Any CPU
	EndGlobalSection
	GlobalSection(ProjectConfigurationPlatforms) = postSolution
		{15BCF27F-2C7D-4910-BC4A-D69618A39449}.Debug|Any CPU.ActiveCfg = Debug|Any CPU
		{15BCF27F-2C7D-4910-BC4A-D69618A39449}.Debug|Any CPU.Build.0 = Debug|Any CPU
		{15BCF27F-2C7D-4910-BC4A-D69618A39449}.Release|Any CPU.ActiveCfg = Release|Any CPU
		{15BCF27F-2C7D-4910-BC4A-D69618A39449}.Release|Any CPU.Build.0 = Release|Any CPU
	EndGlobalSection
	GlobalSection(SolutionProperties) = preSolution
		HideSolutionNode = FALSE
	EndGlobalSection
	GlobalSection(ExtensibilityGlobals) = postSolution
		SolutionGuid = {F48A7BEB-BA38-425F-B50C-803A280F99A4}
	EndGlobalSection
EndGlobal
